
Microsoft Visual Studio Solution File, Format Version 12.00
# Visual Studio 14
VisualStudioVersion = 14.0.23107.0
MinimumVisualStudioVersion = 10.0.40219.1
Project("{FAE04EC0-301F-11D3-BF4B-00C04F79EFBC}") = "WebDemo.Data", "WebDemo.Data\WebDemo.Data.csproj", "{29FD2C80-0803-4A92-93CF-951ED2BF7285}"
EndProject
Project("{FAE04EC0-301F-11D3-BF4B-00C04F79EFBC}") = "WebDemo.Site", "WebDemo.Site\WebDemo.Site.csproj", "{7032877D-50E1-4FD5-B8DB-D739E39D9C6C}"
EndProject
Global
	GlobalSection(SolutionConfigurationPlatforms) = preSolution
		Debug|Any CPU = Debug|Any CPU
		Release|Any CPU = Release|Any CPU
	EndGlobalSection
	GlobalSection(ProjectConfigurationPlatforms) = postSolution
		{29FD2C80-0803-4A92-93CF-951ED2BF7285}.Debug|Any CPU.ActiveCfg = Debug|Any CPU
		{29FD2C80-0803-4A92-93CF-951ED2BF7285}.Debug|Any CPU.Build.0 = Debug|Any CPU
		{29FD2C80-0803-4A92-93CF-951ED2BF7285}.Release|Any CPU.ActiveCfg = Release|Any CPU
		{29FD2C80-0803-4A92-93CF-951ED2BF7285}.Release|Any CPU.Build.0 = Release|Any CPU
		{7032877D-50E1-4FD5-B8DB-D739E39D9C6C}.Debug|Any CPU.ActiveCfg = Debug|Any CPU
		{7032877D-50E1-4FD5-B8DB-D739E39D9C6C}.Debug|Any CPU.Build.0 = Debug|Any CPU
		{7032877D-50E1-4FD5-B8DB-D739E39D9C6C}.Release|Any CPU.ActiveCfg = Release|Any CPU
		{7032877D-50E1-4FD5-B8DB-D739E39D9C6C}.Release|Any CPU.Build.0 = Release|Any CPU
	EndGlobalSection
	GlobalSection(SolutionProperties) = preSolution
		HideSolutionNode = FALSE
	EndGlobalSection
EndGlobal
